github.com/6uf/StrCmd v0.0.0-20221010202738-6901be41e86a h1:wQNY7wT+rq1oouE5azV5R2cv2FcrNqHdaY5oUW1ZQb0=
github.com/6uf/StrCmd v0.0.0-20221010202738-6901be41e86a/go.mod h1:P5gRFHF9bRtztq7gsH2eJeD6ATXTBBxM3i8n4Tpe/bw=
github.com/6uf/apiGO v0.0.0-20221115194436-dc3791c75d9f h1:VlplhSEpg0bYPQKQQ/u7UiQ6fTUhHPXyUMJaqQdsZXY=
github.com/6uf/apiGO v0.0.0-20221115194436-dc3791c75d9f/go.mod h1:YZhnKsWG7xxiO/J4GM+3tRfm45ZlWnMN1+Ag0m2kQW8=
github.com/6uf/h2 v0.0.0-20221114215441-fd4e9c1079b3 h1:wxECnGwceHiudM/OeFr9pO3KUN+vNj0D5SRSA9rieqw=
github.com/6uf/h2 v0.0.0-20221114215441-fd4e9c1079b3/go.mod h1:nUZ28fb1W1An4luvsySvRn3H1kx8L9mnm1ocY5kHixc=
github.com/6uf/h2 v0.0.0-20221115004807-ae001a1f5078 h1:LpIdsMXg1bvzQxPetTbinACLRhLoNRFx5R0wbT/INSo=
github.com/6uf/h2 v0.0.0-20221115004807-ae001a1f5078/go.mod h1:nUZ28fb1W1An4luvsySvRn3H1kx8L9mnm1ocY5kHixc=
github.com/6uf/h2 v0.0.0-20221116002903-f88433c8fd62 h1:HK5FOSnGm6cJJO80ClDIpoiFkWb/cIgKKfcr0Caau54=
github.com/6uf/h2 v0.0.0-20221116002903-f88433c8fd62/go.mod h1:nUZ28fb1W1An4luvsySvRn3H1kx8L9mnm1ocY5kHixc=
github.com/PuerkitoBio/goquery v1.8.0 h1:PJTF7AmFCFKk1N6V6jmKfrNH9tV5pNE6lZMkG0gta/U=
github.com/PuerkitoBio/goquery v1.8.0/go.mod h1:ypIiRMtY7COPGk+I/YbZLbxsxn9g5ejnI2HSMtkjZvI=
github.com/Tnze/go-mc v1.18.3-0.20220829132755-358c0a7562ee h1:SjHHQcZoGrBVFvE4ZumPaS5tbGc08lD9/SG9LTGSivY=
github.com/Tnze/go-mc v1.18.3-0.20220829132755-358c0a7562ee/go.mod h1:DyW8IaHwJqwg4m9E+y2FV+SN62wqy0jWA0O2Hkiilmk=
github.com/andybalholm/brotli v1.0.4 h1:V7DdXeJtZscaqfNuAdSRuRFzuiKlHSC/Zh3zl9qY3JY=
github.com/andybalholm/brotli v1.0.4/go.mod h1:fO7iG3H7G2nSZ7m0zPUDn85XEX2GTukHGRSepvi9Eig=
github.com/andybalholm/cascadia v1.3.1 h1:nhxRkql1kdYCc8Snf7D5/D3spOX+dBgjA6u8x004T2c=
github.com/andybalholm/cascadia v1.3.1/go.mod h1:R4bJ1UQfqADjvDa4P6HZHLh/3OxWWEqc0Sk8XGwHqvA=
github.com/google/uuid v1.3.0 h1:t6JiXgmwXMjEs8VusXIJk2BXHsn+wx8BZdTaoZ5fu7I=
github.com/google/uuid v1.3.0/go.mod h1:TIyPZe4MgqvfeYDBFedMoGGpEw/LqOeaOT+nhxU+yHo=
github.com/klauspost/compress v1.15.9/go.mod h1:PhcZ0MbTNciWF3rruxRgKxI5NkcHHrHUDtV4Yw2GlzU=
github.com/klauspost/compress v1.15.12 h1:YClS/PImqYbn+UILDnqxQCZ3RehC9N318SU3kElDUEM=
github.com/klauspost/compress v1.15.12/go.mod h1:QPwzmACJjUTFsnSHH934V6woptycfrDDJnH7hvFVbGM=
github.com/refraction-networking/utls v1.1.5 h1:JtrojoNhbUQkBqEg05sP3gDgDj6hIEAAVKbI9lx4n6w=
github.com/refraction-networking/utls v1.1.5/go.mod h1:jRQxtYi7nkq1p28HF2lwOH5zQm9aC8rpK0O9lIIzGh8=
golang.org/x/crypto v0.0.0-20220829220503-c86fa9a7ed90/go.mod h1:IxCIyHEi3zRg3s0A5j5BB6A9Jmi73HwBIUl50j+osU4=
golang.org/x/crypto v0.2.0 h1:BRXPfhNivWL5Yq0BGQ39a2sW6t44aODpfxkWjYdzewE=
golang.org/x/crypto v0.2.0/go.mod h1:hebNnKkNXi2UzZN1eVRvBB7co0a+JxK6XbPiWVs/3J4=
golang.org/x/net v0.0.0-20210916014120-12bc252f5db8/go.mod h1:9nx3DQGgdP8bBQD5qxJ1jj9UTztislL4KSBs9R2vV5Y=
golang.org/x/net v0.0.0-20211112202133-69e39bad7dc2/go.mod h1:9nx3DQGgdP8bBQD5qxJ1jj9UTztislL4KSBs9R2vV5Y=
golang.org/x/net v0.0.0-20220909164309-bea034e7d591/go.mod h1:YDH+HFinaLZZlnHAfSS6ZXJJ9M9t4Dl22yv3iI2vPwk=
golang.org/x/net v0.2.0 h1:sZfSu1wtKLGlWI4ZZayP0ck9Y73K1ynO6gqzTdBVdPU=
golang.org/x/net v0.2.0/go.mod h1:KqCZLdyyvdV855qA2rE3GC2aiw5xGR5TEjj8smXukLY=
golang.org/x/sys v0.0.0-20201119102817-f84b799fce68/go.mod h1:h1NjWce9XRLGQEsW7wpKNCjG9DtNlClVuFLEZdDNbEs=
golang.org/x/sys v0.0.0-20210423082822-04245dca01da/go.mod h1:h1NjWce9XRLGQEsW7wpKNCjG9DtNlClVuFLEZdDNbEs=
golang.org/x/sys v0.0.0-20210615035016-665e8c7367d1/go.mod h1:oPkhp1MJrh7nUepCBck5+mAzfO9JrbApNNgaTdGDITg=
golang.org/x/sys v0.0.0-20220728004956-3c1f35247d10/go.mod h1:oPkhp1MJrh7nUepCBck5+mAzfO9JrbApNNgaTdGDITg=
golang.org/x/sys v0.2.0 h1:ljd4t30dBnAvMZaQCevtY0xLLD0A+bRZXbgLMLU1F/A=
golang.org/x/sys v0.2.0/go.mod h1:oPkhp1MJrh7nUepCBck5+mAzfO9JrbApNNgaTdGDITg=
golang.org/x/term v0.0.0-20201126162022-7de9c90e9dd1/go.mod h1:bj7SfCRtBDWHUb9snDiAeCFNEtKQo2Wmx5Cou7ajbmo=
golang.org/x/term v0.0.0-20210927222741-03fcf44c2211/go.mod h1:jbD1KX2456YbFQfuXm/mYQcufACuNUgVhRMnK/tPxf8=
golang.org/x/text v0.3.6/go.mod h1:5Zoc/QRtKVWzQhOtBMvqHzDpF6irO9z98xDceosuGiQ=
golang.org/x/text v0.3.7/go.mod h1:u+2+/6zg+i71rQMx5EYifcz6MCKuco9NR6JIITiCfzQ=
golang.org/x/text v0.4.0 h1:BrVqGRd7+k1DiOgtnFvAkoQEWQvBc25ouMJM6429SFg=
golang.org/x/text v0.4.0/go.mod h1:mrYo+phRRbMaCq/xk9113O4dZlRixOauAjOtrjsXDZ8=
golang.org/x/tools v0.0.0-20180917221912-90fa682c2a6e/go.mod h1:n7NCudcB/nEzxVGmLbDWY5pfWTLqBcC2KZ6jyYvM4mQ=
