github.com/6uf/StrCmd v0.0.0-20221127232213-f27367417177 h1:aQAC5xXbVYsTS/gqV88HkyXDLjmukiesEC8BBpqsEhc=
github.com/6uf/StrCmd v0.0.0-20221127232213-f27367417177/go.mod h1:P5gRFHF9bRtztq7gsH2eJeD6ATXTBBxM3i8n4Tpe/bw=
github.com/6uf/apiGO v0.0.0-20221205233901-8b04e0b99cc4 h1:uWp5g+o+kd9Z+OL+nHL35x++O93cg7k1+NKayhSsdbQ=
github.com/6uf/apiGO v0.0.0-20221205233901-8b04e0b99cc4/go.mod h1:WFhUqELAp12NH3MyGW93w6dy500mxzycMt34amC4ALk=
github.com/6uf/h2 v0.0.0-20221116002903-f88433c8fd62 h1:HK5FOSnGm6cJJO80ClDIpoiFkWb/cIgKKfcr0Caau54=
github.com/6uf/h2 v0.0.0-20221116002903-f88433c8fd62/go.mod h1:nUZ28fb1W1An4luvsySvRn3H1kx8L9mnm1ocY5kHixc=
github.com/PuerkitoBio/goquery v1.8.0 h1:PJTF7AmFCFKk1N6V6jmKfrNH9tV5pNE6lZMkG0gta/U=
github.com/PuerkitoBio/goquery v1.8.0/go.mod h1:ypIiRMtY7COPGk+I/YbZLbxsxn9g5ejnI2HSMtkjZvI=
github.com/Tnze/go-mc v1.19.1-0.20221205055808-516b3c2a8ba7 h1:dN215Sq0oMBq11yDIrsW5lv/+D2T1cb4cdQg6WzCoP0=
github.com/Tnze/go-mc v1.19.1-0.20221205055808-516b3c2a8ba7/go.mod h1:uNMPHRugYj2nXIHbmm8XTQJ1NpQAC2p214es9BIC5Rc=
github.com/andybalholm/brotli v1.0.4 h1:V7DdXeJtZscaqfNuAdSRuRFzuiKlHSC/Zh3zl9qY3JY=
github.com/andybalholm/brotli v1.0.4/go.mod h1:fO7iG3H7G2nSZ7m0zPUDn85XEX2GTukHGRSepvi9Eig=
github.com/andybalholm/cascadia v1.3.1 h1:nhxRkql1kdYCc8Snf7D5/D3spOX+dBgjA6u8x004T2c=
github.com/andybalholm/cascadia v1.3.1/go.mod h1:R4bJ1UQfqADjvDa4P6HZHLh/3OxWWEqc0Sk8XGwHqvA=
github.com/antchfx/htmlquery v1.2.5 h1:1lXnx46/1wtv1E/kzmH8vrfMuUKYgkdDBA9pIdMJnk4=
github.com/antchfx/htmlquery v1.2.5/go.mod h1:2MCVBzYVafPBmKbrmwB9F5xdd+IEgRY61ci2oOsOQVw=
github.com/antchfx/xpath v1.2.1 h1:qhp4EW6aCOVr5XIkT+l6LJ9ck/JsUH/yyauNgTQkBF8=
github.com/antchfx/xpath v1.2.1/go.mod h1:i54GszH55fYfBmoZXapTHN8T8tkcHfRgLyVwwqzXNcs=
github.com/golang/groupcache v0.0.0-20200121045136-8c9f03a8e57e h1:1r7pUrabqp18hOBcwBwiTsbnFeTZHV9eER/QT5JVZxY=
github.com/golang/groupcache v0.0.0-20200121045136-8c9f03a8e57e/go.mod h1:cIg4eruTrX1D+g88fzRXU5OdNfaM+9IcxsU14FzY7Hc=
github.com/google/uuid v1.3.0 h1:t6JiXgmwXMjEs8VusXIJk2BXHsn+wx8BZdTaoZ5fu7I=
github.com/google/uuid v1.3.0/go.mod h1:TIyPZe4MgqvfeYDBFedMoGGpEw/LqOeaOT+nhxU+yHo=
github.com/iskaa02/qalam v0.3.0 h1:yA7+MXkXbkP0HRDpkODC3bgQG0e5mjsYOsawwYP2v5k=
github.com/iskaa02/qalam v0.3.0/go.mod h1:BRa4ht8cMjl27tNzhtuach90dBTma5seOzjpMGA5MY4=
github.com/klauspost/compress v1.15.12 h1:YClS/PImqYbn+UILDnqxQCZ3RehC9N318SU3kElDUEM=
github.com/klauspost/compress v1.15.12/go.mod h1:QPwzmACJjUTFsnSHH934V6woptycfrDDJnH7hvFVbGM=
github.com/lucasb-eyer/go-colorful v1.2.0 h1:1nnpGOrhyZZuNyfu1QjKiUICQ74+3FNCN69Aj6K7nkY=
github.com/lucasb-eyer/go-colorful v1.2.0/go.mod h1:R4dSotOR9KMtayYi1e77YzuveK+i7ruzyGqttikkLy0=
github.com/mazznoer/colorgrad v0.9.1 h1:MB80JYVndKWSMEM1beNqnuOowWGhoQc3DXWXkFp6JlM=
github.com/mazznoer/colorgrad v0.9.1/go.mod h1:WX2R9wt9B47+txJZVVpM9LY+LAGIdi4lTI5wIyreDH4=
github.com/mazznoer/csscolorparser v0.1.2/go.mod h1:Aj22+L/rYN/Y6bj3bYqO3N6g1dtdHtGfQ32xZ5PJQic=
github.com/mazznoer/csscolorparser v0.1.3 h1:vug4zh6loQxAUxfU1DZEu70gTPufDPspamZlHAkKcxE=
github.com/mazznoer/csscolorparser v0.1.3/go.mod h1:Aj22+L/rYN/Y6bj3bYqO3N6g1dtdHtGfQ32xZ5PJQic=
github.com/refraction-networking/utls v1.2.0 h1:U5f8wkij2NVinfLuJdFP3gCMwIHs+EzvhxmYdXgiapo=
github.com/refraction-networking/utls v1.2.0/go.mod h1:NPq+cVqzH7D1BeOkmOcb5O/8iVewAsiVt2x1/eO0hgQ=
golang.org/x/crypto v0.0.0-20190308221718-c2843e01d9a2/go.mod h1:djNgcEr1/C05ACkg1iLfiJU5Ep61QUkGW8qpdssI0+w=
golang.org/x/crypto v0.3.0 h1:a06MkbcxBrEFc0w0QIZWXrH/9cCX6KJyWbBOIwAn+7A=
golang.org/x/crypto v0.3.0/go.mod h1:hebNnKkNXi2UzZN1eVRvBB7co0a+JxK6XbPiWVs/3J4=
golang.org/x/net v0.0.0-20200421231249-e086a090c8fd/go.mod h1:qpuaurCH72eLCgpAm/N6yyVIVM9cpaDIP3A8BGJEC5A=
golang.org/x/net v0.0.0-20210916014120-12bc252f5db8/go.mod h1:9nx3DQGgdP8bBQD5qxJ1jj9UTztislL4KSBs9R2vV5Y=
golang.org/x/net v0.2.0 h1:sZfSu1wtKLGlWI4ZZayP0ck9Y73K1ynO6gqzTdBVdPU=
golang.org/x/net v0.2.0/go.mod h1:KqCZLdyyvdV855qA2rE3GC2aiw5xGR5TEjj8smXukLY=
golang.org/x/sys v0.0.0-20190215142949-d0b11bdaac8a/go.mod h1:STP8DvDyc/dI5b8T5hshtkjS+E42TnysNCUPdjciGhY=
golang.org/x/sys v0.0.0-20200323222414-85ca7c5b95cd/go.mod h1:h1NjWce9XRLGQEsW7wpKNCjG9DtNlClVuFLEZdDNbEs=
golang.org/x/sys v0.0.0-20201119102817-f84b799fce68/go.mod h1:h1NjWce9XRLGQEsW7wpKNCjG9DtNlClVuFLEZdDNbEs=
golang.org/x/sys v0.0.0-20210423082822-04245dca01da/go.mod h1:h1NjWce9XRLGQEsW7wpKNCjG9DtNlClVuFLEZdDNbEs=
golang.org/x/sys v0.2.0 h1:ljd4t30dBnAvMZaQCevtY0xLLD0A+bRZXbgLMLU1F/A=
golang.org/x/sys v0.2.0/go.mod h1:oPkhp1MJrh7nUepCBck5+mAzfO9JrbApNNgaTdGDITg=
golang.org/x/term v0.0.0-20201126162022-7de9c90e9dd1/go.mod h1:bj7SfCRtBDWHUb9snDiAeCFNEtKQo2Wmx5Cou7ajbmo=
golang.org/x/text v0.3.0/go.mod h1:NqM8EUOU14njkJ3fqMW+pc6Ldnwhi/IjpwHt7yyuwOQ=
golang.org/x/text v0.3.6/go.mod h1:5Zoc/QRtKVWzQhOtBMvqHzDpF6irO9z98xDceosuGiQ=
golang.org/x/text v0.4.0 h1:BrVqGRd7+k1DiOgtnFvAkoQEWQvBc25ouMJM6429SFg=
golang.org/x/text v0.4.0/go.mod h1:mrYo+phRRbMaCq/xk9113O4dZlRixOauAjOtrjsXDZ8=
golang.org/x/tools v0.0.0-20180917221912-90fa682c2a6e/go.mod h1:n7NCudcB/nEzxVGmLbDWY5pfWTLqBcC2KZ6jyYvM4mQ=
